# THIS IS AN AUTOGENERATED FILE. DO NOT EDIT THIS FILE DIRECTLY.
# yarn lockfile v1


"@next/env@13.4.5":
  version "13.4.5"
  resolved "https://registry.npmmirror.com/@next/env/-/env-13.4.5.tgz#35b126d2af0d6d60ef73e3ef84b089aa1813c0e0"
  integrity sha512-SG/gKH6eij4vwQy87b/3mbpQ1X3x2vUdnpwq6/qL2IQWjtq58EY/UuNAp9CoEZoC9sI4L9AD1r+73Z9r4d3uug==

"@next/swc-darwin-arm64@13.4.5":
  version "13.4.5"
  resolved "https://registry.npmmirror.com/@next/swc-darwin-arm64/-/swc-darwin-arm64-13.4.5.tgz#54eb1fb2521a18e1682214c416cc44f3721dd9c8"
  integrity sha512-XvTzi2ASUN5bECFIAAcBiSoDb0xsq+KLj4F0bof4d4rdc+FgOqLvseGQaOXwVi1TIh5bHa7o4b6droSJMO5+2g==

"@next/swc-darwin-x64@13.4.5":
  version "13.4.5"
  resolved "https://registry.npmmirror.com/@next/swc-darwin-x64/-/swc-darwin-x64-13.4.5.tgz#08131a786b3756650fa0b54ddc22baa59c0d5c4e"
  integrity sha512-NQdqal/VKAqlJTuzhjZmNtdo8QSqwmfO7b2xJSAengTEVxQvsH76oGEzQeIv8Ci4NP6DysAFtFrJq++TmIxcUA==

"@next/swc-linux-arm64-gnu@13.4.5":
  version "13.4.5"
  resolved "https://registry.npmmirror.com/@next/swc-linux-arm64-gnu/-/swc-linux-arm64-gnu-13.4.5.tgz#7e54eed32d2ff487323716920fe4df48a45f5d70"
  integrity sha512-nB8TjtpJCXtzIFjYOMbnQu68ajkA8QK58TreHjTGojSQjsF0StDqo5zFHglVVVHrd8d3N/+EjC18yFNSWnd/ZA==

"@next/swc-linux-arm64-musl@13.4.5":
  version "13.4.5"
  resolved "https://registry.npmmirror.com/@next/swc-linux-arm64-musl/-/swc-linux-arm64-musl-13.4.5.tgz#13835a43c4e7781c56b096a8a5f7f58997f7feff"
  integrity sha512-W126XUW599OV3giSH9Co40VpT8VAOT47xONVHXZaYEpeca0qEevjj6WUr5IJu/8u+XGWm5xI1S0DYWjR6W+olw==

"@next/swc-linux-x64-gnu@13.4.5":
  version "13.4.5"
  resolved "https://registry.npmmirror.com/@next/swc-linux-x64-gnu/-/swc-linux-x64-gnu-13.4.5.tgz#7567fa3bcd5f3f2859985aa55a6de95259cdfe5f"
  integrity sha512-ZbPLO/oztQdtjGmWvGhRmtkZ6j9kQqg65kiO7F7Ijj7ojTtu3hh/vY+XRsHa/4Cse6HgyJ8XGZJMGoLb8ecQfQ==

"@next/swc-linux-x64-musl@13.4.5":
  version "13.4.5"
  resolved "https://registry.npmmirror.com/@next/swc-linux-x64-musl/-/swc-linux-x64-musl-13.4.5.tgz#40731b7e7cf999b12a4ebcaffa56b74cca9acf2b"
  integrity sha512-f+/h8KMNixVUoRB+2vza8I+jsthJ4KcvopGUsDIUHe7Q4t+m8nKwGFBeyNu9qNIenYK5g5QYEsSwYFEqZylrTQ==

"@next/swc-win32-arm64-msvc@13.4.5":
  version "13.4.5"
  resolved "https://registry.npmmirror.com/@next/swc-win32-arm64-msvc/-/swc-win32-arm64-msvc-13.4.5.tgz#86b94b32e19f76ca5f41f05942891d6e45f8053b"
  integrity sha512-dvtPQZ5+J+zUE1uq7gP853Oj63e+n0T1ydZ/yRdVh7d8zW9ZFuC9fFrg3MqP1cv1NPPur8rrTqDKN2mRBkSSBw==

"@next/swc-win32-ia32-msvc@13.4.5":
  version "13.4.5"
  resolved "https://registry.npmmirror.com/@next/swc-win32-ia32-msvc/-/swc-win32-ia32-msvc-13.4.5.tgz#c5045cb61bd21c98b638559a35f254f6d664c507"
  integrity sha512-gK9zwGe25x31S4AjPy3Bf2niQvHIAbmwgkzmqWG3OmD4K2Z/Dh2ju4vuyzPzIt0pwQe4B520meP9NizTBmVWSg==

"@next/swc-win32-x64-msvc@13.4.5":
  version "13.4.5"
  resolved "https://registry.npmmirror.com/@next/swc-win32-x64-msvc/-/swc-win32-x64-msvc-13.4.5.tgz#e46591701733142b2ffd219f3e56a9e1bc06d958"
  integrity sha512-iyNQVc7eGehrik9RJt9xGcnO6b/pi8C7GCfg8RGenx1IlalEKbYRgBJloF7DQzwlrV47E9bQl8swT+JawaNcKA==

"@swc/helpers@0.5.1":
  version "0.5.1"
  resolved "https://registry.npmmirror.com/@swc/helpers/-/helpers-0.5.1.tgz#e9031491aa3f26bfcc974a67f48bd456c8a5357a"
  integrity sha512-sJ902EfIzn1Fa+qYmjdQqh8tPsoxyBz+8yBKC2HKUxyezKJFwPGOn7pv4WY6QuQW//ySQi5lJjA/ZT9sNWWNTg==
  dependencies:
    tslib "^2.4.0"

argparse@^1.0.7:
  version "1.0.10"
  resolved "https://registry.npmmirror.com/argparse/-/argparse-1.0.10.tgz#bcd6791ea5ae09725e17e5ad988134cd40b3d911"
  integrity sha512-o5Roy6tNG4SL/FOkCAN6RzjiakZS25RLYFrcMttJqbdd8BWrnA+fGz57iN5Pb06pvBGvl5gQ0B48dJlslXvoTg==
  dependencies:
    sprintf-js "~1.0.2"

asynckit@^0.4.0:
  version "0.4.0"
  resolved "https://registry.npmmirror.com/asynckit/-/asynckit-0.4.0.tgz#c79ed97f7f34cb8f2ba1bc9790bcc366474b4b79"
  integrity sha512-Oei9OH4tRh0YqU3GxhX79dM/mwVgvbZJaSNaRk+bshkj0S5cfHcgYakreBjrHwatXKbz+IoIdYLxrKim2MjW0Q==

axios@^1.4.0:
  version "1.4.0"
  resolved "https://registry.npmmirror.com/axios/-/axios-1.4.0.tgz#38a7bf1224cd308de271146038b551d725f0be1f"
  integrity sha512-S4XCWMEmzvo64T9GfvQDOXgYRDJ/wsSZc7Jvdgx5u1sd0JwsuPLqb3SYmusag+edF6ziyMensPVqLTSc1PiSEA==
  dependencies:
    follow-redirects "^1.15.0"
    form-data "^4.0.0"
    proxy-from-env "^1.1.0"

busboy@1.6.0:
  version "1.6.0"
  resolved "https://registry.npmmirror.com/busboy/-/busboy-1.6.0.tgz#966ea36a9502e43cdb9146962523b92f531f6893"
  integrity sha512-8SFQbg/0hQ9xy3UNTB0YEnsNBbWfhf7RtnzpL7TkBiTBRfrQ9Fxcnz7VJsleJpyp6rVLvXiuORqjlHi5q+PYuA==
  dependencies:
    streamsearch "^1.1.0"

caniuse-lite@^1.0.30001406:
  version "1.0.30001500"
  resolved "https://registry.npmmirror.com/caniuse-lite/-/caniuse-lite-1.0.30001500.tgz#c924765cbdc07ecc9f6f8703994c25fbdec51f19"
  integrity sha512-wSpY0RQnEwFwVZ063ggl3M4ALRP9OSknL0enldDEydIGzuShbtuWwaedB/RfkxsGF3P0kf1Tnv/nTtJEbjzc4Q==

client-only@0.0.1:
  version "0.0.1"
  resolved "https://registry.npmmirror.com/client-only/-/client-only-0.0.1.tgz#38bba5d403c41ab150bff64a95c85013cf73bca1"
  integrity sha512-IV3Ou0jSMzZrd3pZ48nLkT9DA7Ag1pnPzaiQhpW7c3RbcqqzvzzVu+L8gfqMp/8IM2MQtSiqaCxrrcfu8I8rMA==

combined-stream@^1.0.8:
  version "1.0.8"
  resolved "https://registry.npmmirror.com/combined-stream/-/combined-stream-1.0.8.tgz#c3d45a8b34fd730631a110a8a2520682b31d5a7f"
  integrity sha512-FQN4MRfuJeHf7cBbBMJFXhKSDq+2kAArBlmRBvcvFE5BB1HZKXtSFASDhdlz9zOYwxh8lDdnvmMOe/+5cdoEdg==
  dependencies:
    delayed-stream "~1.0.0"

delayed-stream@~1.0.0:
  version "1.0.0"
  resolved "https://registry.npmmirror.com/delayed-stream/-/delayed-stream-1.0.0.tgz#df3ae199acadfb7d440aaae0b29e2272b24ec619"
  integrity sha512-ZySD7Nf91aLB0RxL4KGrKHBXl7Eds1DAmEdcoVawXnLD7SDhpNgtuII2aAkg7a7QS41jxPSZ17p4VdGnMHk3MQ==

esprima@^4.0.0:
  version "4.0.1"
  resolved "https://registry.npmmirror.com/esprima/-/esprima-4.0.1.tgz#13b04cdb3e6c5d19df91ab6987a8695619b0aa71"
  integrity sha512-eGuFFw7Upda+g4p+QHvnW0RyTX/SVeJBDM/gCtMARO0cLuT2HcEKnTPvhjV6aGeqrCB/sbNop0Kszm0jsaWU4A==

extend-shallow@^2.0.1:
  version "2.0.1"
  resolved "https://registry.npmmirror.com/extend-shallow/-/extend-shallow-2.0.1.tgz#51af7d614ad9a9f610ea1bafbb989d6b1c56890f"
  integrity sha512-zCnTtlxNoAiDc3gqY2aYAWFx7XWWiasuF2K8Me5WbN8otHKTUKBwjPtNpRs/rbUZm7KxWAaNj7P1a/p52GbVug==
  dependencies:
    is-extendable "^0.1.0"

follow-redirects@^1.15.0:
  version "1.15.2"
  resolved "https://registry.npmmirror.com/follow-redirects/-/follow-redirects-1.15.2.tgz#b460864144ba63f2681096f274c4e57026da2c13"
  integrity sha512-VQLG33o04KaQ8uYi2tVNbdrWp1QWxNNea+nmIB4EVM28v0hmP17z7aG1+wAkNzVq4KeXTq3221ye5qTJP91JwA==

form-data@^4.0.0:
  version "4.0.0"
  resolved "https://registry.npmmirror.com/form-data/-/form-data-4.0.0.tgz#93919daeaf361ee529584b9b31664dc12c9fa452"
  integrity sha512-ETEklSGi5t0QMZuiXoA/Q6vcnxcLQP5vdugSpuAyi6SVGi2clPPp+xgEhuMaHC+zGgn31Kd235W35f7Hykkaww==
  dependencies:
    asynckit "^0.4.0"
    combined-stream "^1.0.8"
    mime-types "^2.1.12"

glob-to-regexp@^0.4.1:
  version "0.4.1"
  resolved "https://registry.npmmirror.com/glob-to-regexp/-/glob-to-regexp-0.4.1.tgz#c75297087c851b9a578bd217dd59a92f59fe546e"
  integrity sha512-lkX1HJXwyMcprw/5YUZc2s7DrpAiHB21/V+E1rHUrVNokkvB6bqMzT0VfV6/86ZNabt1k14YOIaT7nDvOX3Iiw==

graceful-fs@^4.1.2:
  version "4.2.11"
  resolved "https://registry.npmmirror.com/graceful-fs/-/graceful-fs-4.2.11.tgz#4183e4e8bf08bb6e05bbb2f7d2e0c8f712ca40e3"
  integrity sha512-RbJ5/jmFcNNCcDV5o9eTnBLJ/HszWV0P73bc+Ff4nS/rJj+YaS6IGyiOL0VoBYX+l1Wrl3k63h/KrH+nhJ0XvQ==

gray-matter@^4.0.3:
  version "4.0.3"
  resolved "https://registry.npmmirror.com/gray-matter/-/gray-matter-4.0.3.tgz#e893c064825de73ea1f5f7d88c7a9f7274288798"
  integrity sha512-5v6yZd4JK3eMI3FqqCouswVqwugaA9r4dNZB1wwcmrD02QkV5H0y7XBQW8QwQqEaZY1pM9aqORSORhJRdNK44Q==
  dependencies:
    js-yaml "^3.13.1"
    kind-of "^6.0.2"
    section-matter "^1.0.0"
    strip-bom-string "^1.0.0"

is-extendable@^0.1.0:
  version "0.1.1"
  resolved "https://registry.npmmirror.com/is-extendable/-/is-extendable-0.1.1.tgz#62b110e289a471418e3ec36a617d472e301dfc89"
  integrity sha512-5BMULNob1vgFX6EjQw5izWDxrecWK9AM72rugNr0TFldMOi0fj6Jk+zeKIt0xGj4cEfQIJth4w3OKWOJ4f+AFw==

"js-tokens@^3.0.0 || ^4.0.0":
  version "4.0.0"
  resolved "https://registry.npmmirror.com/js-tokens/-/js-tokens-4.0.0.tgz#19203fb59991df98e3a287050d4647cdeaf32499"
  integrity sha512-RdJUflcE3cUzKiMqQgsCu06FPu9UdIJO0beYbPhHN4k6apgJtifcoCtT9bcxOpYBtpD2kCM6Sbzg4CausW/PKQ==

js-yaml@^3.13.1:
  version "3.14.1"
  resolved "https://registry.npmmirror.com/js-yaml/-/js-yaml-3.14.1.tgz#dae812fdb3825fa306609a8717383c50c36a0537"
  integrity sha512-okMH7OXXJ7YrN9Ok3/SXrnu4iX9yOk+25nqX4imS2npuvTYDmo/QEZoqwZkYaIDk3jVvBOTOIEgEhaLOynBS9g==
  dependencies:
    argparse "^1.0.7"
    esprima "^4.0.0"

kind-of@^6.0.0, kind-of@^6.0.2:
  version "6.0.3"
  resolved "https://registry.npmmirror.com/kind-of/-/kind-of-6.0.3.tgz#07c05034a6c349fa06e24fa35aa76db4580ce4dd"
  integrity sha512-dcS1ul+9tmeD95T+x28/ehLgd9mENa3LsvDTtzm3vyBEO7RPptvAD+t44WVXaUjTBRcrpFeFlC8WCruUR456hw==

lodash@^4.17.21:
  version "4.17.21"
  resolved "https://registry.npmmirror.com/lodash/-/lodash-4.17.21.tgz#679591c564c3bffaae8454cf0b3df370c3d6911c"
  integrity sha512-v2kDEe57lecTulaDIuNTPy3Ry4gLGJ6Z1O3vE1krgXZNrsQ+LFTGHVxVjcXPs17LhbZVGedAJv8XZ1tvj5FvSg==

loose-envify@^1.1.0:
  version "1.4.0"
  resolved "https://registry.npmmirror.com/loose-envify/-/loose-envify-1.4.0.tgz#71ee51fa7be4caec1a63839f7e682d8132d30caf"
  integrity sha512-lyuxPGr/Wfhrlem2CL/UcnUc1zcqKAImBDzukY7Y5F/yQiNdko6+fRLevlw1HgMySw7f611UIY408EtxRSoK3Q==
  dependencies:
    js-tokens "^3.0.0 || ^4.0.0"

mime-db@1.52.0:
  version "1.52.0"
  resolved "https://registry.npmmirror.com/mime-db/-/mime-db-1.52.0.tgz#bbabcdc02859f4987301c856e3387ce5ec43bf70"
  integrity sha512-sPU4uV7dYlvtWJxwwxHD0PuihVNiE7TyAbQ5SWxDCB9mUYvOgroQOwYQQOKPJ8CIbE+1ETVlOoK1UC2nU3gYvg==

mime-types@^2.1.12:
  version "2.1.35"
  resolved "https://registry.npmmirror.com/mime-types/-/mime-types-2.1.35.tgz#381a871b62a734450660ae3deee44813f70d959a"
  integrity sha512-ZDY+bPm5zTTF+YpCrAU9nK0UgICYPT0QtT1NZWFv4s++TNkcgVaT0g6+4R2uI4MjQjzysHB1zxuWL50hzaeXiw==
  dependencies:
    mime-db "1.52.0"

nanoid@^3.3.4:
  version "3.3.6"
  resolved "https://registry.npmmirror.com/nanoid/-/nanoid-3.3.6.tgz#443380c856d6e9f9824267d960b4236ad583ea4c"
  integrity sha512-BGcqMMJuToF7i1rt+2PWSNVnWIkGCU78jBG3RxO/bZlnZPK2Cmi2QaffxGO/2RvWi9sL+FAiRiXMgsyxQ1DIDA==

next@latest:
  version "13.4.5"
  resolved "https://registry.npmmirror.com/next/-/next-13.4.5.tgz#f4ee3e6a2408b363f56037f4ee5674a433c4ba0d"
  integrity sha512-pfNsRLVM9e5Y1/z02VakJRfD6hMQkr24FaN2xc9GbcZDBxoOgiNAViSg5cXwlWCoMhtm4U315D7XYhgOr96Q3Q==
  dependencies:
    "@next/env" "13.4.5"
    "@swc/helpers" "0.5.1"
    busboy "1.6.0"
    caniuse-lite "^1.0.30001406"
    postcss "8.4.14"
    styled-jsx "5.1.1"
    watchpack "2.4.0"
    zod "3.21.4"
  optionalDependencies:
    "@next/swc-darwin-arm64" "13.4.5"
    "@next/swc-darwin-x64" "13.4.5"
    "@next/swc-linux-arm64-gnu" "13.4.5"
    "@next/swc-linux-arm64-musl" "13.4.5"
    "@next/swc-linux-x64-gnu" "13.4.5"
    "@next/swc-linux-x64-musl" "13.4.5"
    "@next/swc-win32-arm64-msvc" "13.4.5"
    "@next/swc-win32-ia32-msvc" "13.4.5"
    "@next/swc-win32-x64-msvc" "13.4.5"

picocolors@^1.0.0:
  version "1.0.0"
  resolved "https://registry.npmmirror.com/picocolors/-/picocolors-1.0.0.tgz#cb5bdc74ff3f51892236eaf79d68bc44564ab81c"
  integrity sha512-1fygroTLlHu66zi26VoTDv8yRgm0Fccecssto+MhsZ0D/DGW2sm8E8AjW7NU5VVTRt5GxbeZ5qBuJr+HyLYkjQ==

postcss@8.4.14:
  version "8.4.14"
  resolved "https://registry.npmmirror.com/postcss/-/postcss-8.4.14.tgz#ee9274d5622b4858c1007a74d76e42e56fd21caf"
  integrity sha512-E398TUmfAYFPBSdzgeieK2Y1+1cpdxJx8yXbK/m57nRhKSmk1GB2tO4lbLBtlkfPQTDKfe4Xqv1ASWPpayPEig==
  dependencies:
    nanoid "^3.3.4"
    picocolors "^1.0.0"
    source-map-js "^1.0.2"

proxy-from-env@^1.1.0:
  version "1.1.0"
  resolved "https://registry.npmmirror.com/proxy-from-env/-/proxy-from-env-1.1.0.tgz#e102f16ca355424865755d2c9e8ea4f24d58c3e2"
  integrity sha512-D+zkORCbA9f1tdWRK0RaCR3GPv50cMxcrz4X8k5LTSUD1Dkw47mKJEZQNunItRTkWwgtaUSo1RVFRIG9ZXiFYg==

react-dom@18.2.0:
  version "18.2.0"
  resolved "https://registry.npmmirror.com/react-dom/-/react-dom-18.2.0.tgz#22aaf38708db2674ed9ada224ca4aa708d821e3d"
  integrity sha512-6IMTriUmvsjHUjNtEDudZfuDQUoWXVxKHhlEGSk81n4YFS+r/Kl99wXiwlVXtPBtJenozv2P+hxDsw9eA7Xo6g==
  dependencies:
    loose-envify "^1.1.0"
    scheduler "^0.23.0"

react@18.2.0:
  version "18.2.0"
  resolved "https://registry.npmmirror.com/react/-/react-18.2.0.tgz#555bd98592883255fa00de14f1151a917b5d77d5"
  integrity sha512-/3IjMdb2L9QbBdWiW5e3P2/npwMBaU9mHCSCUzNln0ZCYbcfTsGbTJrU/kGemdH2IWmB2ioZ+zkxtmq6g09fGQ==
  dependencies:
    loose-envify "^1.1.0"

scheduler@^0.23.0:
  version "0.23.0"
  resolved "https://registry.npmmirror.com/scheduler/-/scheduler-0.23.0.tgz#ba8041afc3d30eb206a487b6b384002e4e61fdfe"
  integrity sha512-CtuThmgHNg7zIZWAXi3AsyIzA3n4xx7aNyjwC2VJldO2LMVDhFK+63xGqq6CsJH4rTAt6/M+N4GhZiDYPx9eUw==
  dependencies:
    loose-envify "^1.1.0"

section-matter@^1.0.0:
  version "1.0.0"
  resolved "https://registry.npmmirror.com/section-matter/-/section-matter-1.0.0.tgz#e9041953506780ec01d59f292a19c7b850b84167"
  integrity sha512-vfD3pmTzGpufjScBh50YHKzEu2lxBWhVEHsNGoEXmCmn2hKGfeNLYMzCJpe8cD7gqX7TJluOVpBkAequ6dgMmA==
  dependencies:
    extend-shallow "^2.0.1"
    kind-of "^6.0.0"

source-map-js@^1.0.2:
  version "1.0.2"
  resolved "https://registry.npmmirror.com/source-map-js/-/source-map-js-1.0.2.tgz#adbc361d9c62df380125e7f161f71c826f1e490c"
  integrity sha512-R0XvVJ9WusLiqTCEiGCmICCMplcCkIwwR11mOSD9CR5u+IXYdiseeEuXCVAjS54zqwkLcPNnmU4OeJ6tUrWhDw==

sprintf-js@~1.0.2:
  version "1.0.3"
  resolved "https://registry.npmmirror.com/sprintf-js/-/sprintf-js-1.0.3.tgz#04e6926f662895354f3dd015203633b857297e2c"
  integrity sha512-D9cPgkvLlV3t3IzL0D0YLvGA9Ahk4PcvVwUbN0dSGr1aP0Nrt4AEnTUbuGvquEC0mA64Gqt1fzirlRs5ibXx8g==

streamsearch@^1.1.0:
  version "1.1.0"
  resolved "https://registry.npmmirror.com/streamsearch/-/streamsearch-1.1.0.tgz#404dd1e2247ca94af554e841a8ef0eaa238da764"
  integrity sha512-Mcc5wHehp9aXz1ax6bZUyY5afg9u2rv5cqQI3mRrYkGC8rW2hM02jWuwjtL++LS5qinSyhj2QfLyNsuc+VsExg==

strip-bom-string@^1.0.0:
  version "1.0.0"
  resolved "https://registry.npmmirror.com/strip-bom-string/-/strip-bom-string-1.0.0.tgz#e5211e9224369fbb81d633a2f00044dc8cedad92"
  integrity sha512-uCC2VHvQRYu+lMh4My/sFNmF2klFymLX1wHJeXnbEJERpV/ZsVuonzerjfrGpIGF7LBVa1O7i9kjiWvJiFck8g==

styled-jsx@5.1.1:
  version "5.1.1"
  resolved "https://registry.npmmirror.com/styled-jsx/-/styled-jsx-5.1.1.tgz#839a1c3aaacc4e735fed0781b8619ea5d0009d1f"
  integrity sha512-pW7uC1l4mBZ8ugbiZrcIsiIvVx1UmTfw7UkC3Um2tmfUq9Bhk8IiyEIPl6F8agHgjzku6j0xQEZbfA5uSgSaCw==
  dependencies:
    client-only "0.0.1"

tslib@^2.4.0:
  version "2.5.3"
  resolved "https://registry.npmmirror.com/tslib/-/tslib-2.5.3.tgz#24944ba2d990940e6e982c4bea147aba80209913"
  integrity sha512-mSxlJJwl3BMEQCUNnxXBU9jP4JBktcEGhURcPR6VQVlnP0FdDEsIaz0C35dXNGLyRfrATNofF0F5p2KPxQgB+w==

watchpack@2.4.0:
  version "2.4.0"
  resolved "https://registry.npmmirror.com/watchpack/-/watchpack-2.4.0.tgz#fa33032374962c78113f93c7f2fb4c54c9862a5d"
  integrity sha512-Lcvm7MGST/4fup+ifyKi2hjyIAwcdI4HRgtvTpIUxBRhB+RFtUh8XtDOxUfctVCnhVi+QQj49i91OyvzkJl6cg==
  dependencies:
    glob-to-regexp "^0.4.1"
    graceful-fs "^4.1.2"

webpack-node-externals@^3.0.0:
  version "3.0.0"
  resolved "https://registry.npmmirror.com/webpack-node-externals/-/webpack-node-externals-3.0.0.tgz#1a3407c158d547a9feb4229a9e3385b7b60c9917"
  integrity sha512-LnL6Z3GGDPht/AigwRh2dvL9PQPFQ8skEpVrWZXLWBYmqcaojHNN0onvHzie6rq7EWKrrBfPYqNEzTJgiwEQDQ==

zod@3.21.4:
  version "3.21.4"
  resolved "https://registry.npmmirror.com/zod/-/zod-3.21.4.tgz#10882231d992519f0a10b5dd58a38c9dabbb64db"
  integrity sha512-m46AKbrzKVzOzs/DZgVnG5H55N1sv1M8qZU3A8RIKbs3mrACDNeIOeilDymVb2HdmP8uwshOCF4uJ8uM9rCqJw==
